
Microsoft Visual Studio Solution File, Format Version 12.00
# Visual Studio Version 17
VisualStudioVersion = 17.6.33829.357
MinimumVisualStudioVersion = 10.0.40219.1
Project("{FAE04EC0-301F-11D3-BF4B-00C04F79EFBC}") = "aspnet-mongo", "aspnet-mongo\aspnet-mongo.csproj", "{4A5D2494-2EE5-4D4E-946F-2D4AA68FE3E8}"
EndProject
Global
	GlobalSection(SolutionConfigurationPlatforms) = preSolution
		Debug|Any CPU = Debug|Any CPU
		Release|Any CPU = Release|Any CPU
	EndGlobalSection
	GlobalSection(ProjectConfigurationPlatforms) = postSolution
		{4A5D2494-2EE5-4D4E-946F-2D4AA68FE3E8}.Debug|Any CPU.ActiveCfg = Debug|Any CPU
		{4A5D2494-2EE5-4D4E-946F-2D4AA68FE3E8}.Debug|Any CPU.Build.0 = Debug|Any CPU
		{4A5D2494-2EE5-4D4E-946F-2D4AA68FE3E8}.Release|Any CPU.ActiveCfg = Release|Any CPU
		{4A5D2494-2EE5-4D4E-946F-2D4AA68FE3E8}.Release|Any CPU.Build.0 = Release|Any CPU
	EndGlobalSection
	GlobalSection(SolutionProperties) = preSolution
		HideSolutionNode = FALSE
	EndGlobalSection
	GlobalSection(ExtensibilityGlobals) = postSolution
		SolutionGuid = {AE537182-F46F-41DE-A569-F8F454F5BB76}
	EndGlobalSection
EndGlobal
